<?xml version="1.0" encoding="utf-8"?>
<Project ToolsVersion="4.0" xmlns="http://schemas.microsoft.com/developer/msbuild/2003">
  <ItemGroup>
    <Filter Include="Source Files">
      <UniqueIdentifier>{4FC737F1-C7A5-4376-A066-2A32D752A2FF}</UniqueIdentifier>
      <Extensions>cpp;c;cc;cxx;def;odl;idl;hpj;bat;asm;asmx</Extensions>
    </Filter>
    <Filter Include="Header Files">
      <UniqueIdentifier>{93995380-89BD-4b04-88EB-625FBE52EBFB}</UniqueIdentifier>
      <Extensions>h;hpp;hxx;hm;inl;inc;xsd</Extensions>
    </Filter>
    <Filter Include="Resource Files">
      <UniqueIdentifier>{67DA6AB6-F800-4c08-8B7A-83BB121AAD01}</UniqueIdentifier>
      <Extensions>rc;ico;cur;bmp;dlg;rc2;rct;bin;rgs;gif;jpg;jpeg;jpe;resx;tiff;tif;png;wav</Extensions>
    </Filter>
  </ItemGroup>
  <ItemGroup>
    <ClCompile Include="auto_join_watcher.cpp">
      <Filter>Source Files</Filter>
    </ClCompile>
    <ClCompile Include="auto_mode.cpp">
      <Filter>Source Files</Filter>
    </ClCompile>
    <ClCompile Include="auto_mode_watcher.cpp">
      <Filter>Source Files</Filter>
    </ClCompile>
    <ClCompile Include="buffer.cpp">
      <Filter>Source Files</Filter>
    </ClCompile>
    <ClCompile Include="channel_buffer.cpp">
      <Filter>Source Files</Filter>
    </ClCompile>
    <ClCompile Include="channel_list.cpp">
      <Filter>Source Files</Filter>
    </ClCompile>
    <ClCompile Include="channel_modes.cpp">
      <Filter>Source Files</Filter>
    </ClCompile>
    <ClCompile Include="channel_user.cpp">
      <Filter>Source Files</Filter>
    </ClCompile>
    <ClCompile Include="codes.cpp">
      <Filter>Source Files</Filter>
    </ClCompile>
    <ClCompile Include="connection.cpp">
      <Filter>Source Files</Filter>
    </ClCompile>
    <ClCompile Include="connection_manager.cpp">
      <Filter>Source Files</Filter>
    </ClCompile>
    <ClCompile Include="connection_script.cpp">
      <Filter>Source Files</Filter>
    </ClCompile>
    <ClCompile Include="connection_script_watcher.cpp">
      <Filter>Source Files</Filter>
    </ClCompile>
    <ClCompile Include="contacts.cpp">
      <Filter>Source Files</Filter>
    </ClCompile>
    <ClCompile Include="dcc_chat_connection.cpp">
      <Filter>Source Files</Filter>
    </ClCompile>
    <ClCompile Include="dcc_connection.cpp">
      <Filter>Source Files</Filter>
    </ClCompile>
    <ClCompile Include="dcc_connection_manager.cpp">
      <Filter>Source Files</Filter>
    </ClCompile>
    <ClCompile Include="dcc_message.cpp">
      <Filter>Source Files</Filter>
    </ClCompile>
    <ClCompile Include="dcc_send_connection.cpp">
      <Filter>Source Files</Filter>
    </ClCompile>
    <ClCompile Include="dns.cpp">
      <Filter>Source Files</Filter>
    </ClCompile>
    <ClCompile Include="identd.cpp">
      <Filter>Source Files</Filter>
    </ClCompile>
    <ClCompile Include="identity.cpp">
      <Filter>Source Files</Filter>
    </ClCompile>
    <ClCompile Include="ignore.cpp">
      <Filter>Source Files</Filter>
    </ClCompile>
    <ClCompile Include="logger.cpp">
      <Filter>Source Files</Filter>
    </ClCompile>
    <ClCompile Include="macros.cpp">
      <Filter>Source Files</Filter>
    </ClCompile>
    <ClCompile Include="message.cpp">
      <Filter>Source Files</Filter>
    </ClCompile>
    <ClCompile Include="mode.cpp">
      <Filter>Source Files</Filter>
    </ClCompile>
    <ClCompile Include="model.cpp">
      <Filter>Source Files</Filter>
    </ClCompile>
    <ClCompile Include="notice_buffer.cpp">
      <Filter>Source Files</Filter>
    </ClCompile>
    <ClCompile Include="notify.cpp">
      <Filter>Source Files</Filter>
    </ClCompile>
    <ClCompile Include="notify_watcher.cpp">
      <Filter>Source Files</Filter>
    </ClCompile>
    <ClCompile Include="server.cpp">
      <Filter>Source Files</Filter>
    </ClCompile>
    <ClCompile Include="server_buffer.cpp">
      <Filter>Source Files</Filter>
    </ClCompile>
    <ClCompile Include="server_updater.cpp">
      <Filter>Source Files</Filter>
    </ClCompile>
    <ClCompile Include="timestamp.cpp">
      <Filter>Source Files</Filter>
    </ClCompile>
    <ClCompile Include="user.cpp">
      <Filter>Source Files</Filter>
    </ClCompile>
    <ClCompile Include="user_buffer.cpp">
      <Filter>Source Files</Filter>
    </ClCompile>
    <ClCompile Include="who.cpp">
      <Filter>Source Files</Filter>
    </ClCompile>
    <ClCompile Include="whois.cpp">
      <Filter>Source Files</Filter>
    </ClCompile>
    <ClCompile Include="auto_joins.cpp">
      <Filter>Source Files</Filter>
    </ClCompile>
  </ItemGroup>
  <ItemGroup>
    <ClInclude Include="auto_join_watcher.hpp">
      <Filter>Header Files</Filter>
    </ClInclude>
    <ClInclude Include="auto_mode.hpp">
      <Filter>Header Files</Filter>
    </ClInclude>
    <ClInclude Include="auto_mode_watcher.hpp">
      <Filter>Header Files</Filter>
    </ClInclude>
    <ClInclude Include="buffer.hpp">
      <Filter>Header Files</Filter>
    </ClInclude>
    <ClInclude Include="channel.hpp">
      <Filter>Header Files</Filter>
    </ClInclude>
    <ClInclude Include="channel_buffer.hpp">
      <Filter>Header Files</Filter>
    </ClInclude>
    <ClInclude Include="channel_list.hpp">
      <Filter>Header Files</Filter>
    </ClInclude>
    <ClInclude Include="channel_modes.hpp">
      <Filter>Header Files</Filter>
    </ClInclude>
    <ClInclude Include="channel_user.hpp">
      <Filter>Header Files</Filter>
    </ClInclude>
    <ClInclude Include="codes.hpp">
      <Filter>Header Files</Filter>
    </ClInclude>
    <ClInclude Include="connection.hpp">
      <Filter>Header Files</Filter>
    </ClInclude>
    <ClInclude Include="connection_manager.hpp">
      <Filter>Header Files</Filter>
    </ClInclude>
    <ClInclude Include="connection_manager_observer.hpp">
      <Filter>Header Files</Filter>
    </ClInclude>
    <ClInclude Include="connection_script.hpp">
      <Filter>Header Files</Filter>
    </ClInclude>
    <ClInclude Include="connection_script_watcher.hpp">
      <Filter>Header Files</Filter>
    </ClInclude>
    <ClInclude Include="contacts.hpp">
      <Filter>Header Files</Filter>
    </ClInclude>
    <ClInclude Include="dcc_chat_connection.hpp">
      <Filter>Header Files</Filter>
    </ClInclude>
    <ClInclude Include="dcc_connection.hpp">
      <Filter>Header Files</Filter>
    </ClInclude>
    <ClInclude Include="dcc_connection_manager.hpp">
      <Filter>Header Files</Filter>
    </ClInclude>
    <ClInclude Include="dcc_message.hpp">
      <Filter>Header Files</Filter>
    </ClInclude>
    <ClInclude Include="dcc_send_connection.hpp">
      <Filter>Header Files</Filter>
    </ClInclude>
    <ClInclude Include="dns.hpp">
      <Filter>Header Files</Filter>
    </ClInclude>
    <ClInclude Include="fwd.hpp">
      <Filter>Header Files</Filter>
    </ClInclude>
    <ClInclude Include="gui.hpp">
      <Filter>Header Files</Filter>
    </ClInclude>
    <ClInclude Include="gui_data.hpp">
      <Filter>Header Files</Filter>
    </ClInclude>
    <ClInclude Include="identd.hpp">
      <Filter>Header Files</Filter>
    </ClInclude>
    <ClInclude Include="identity.hpp">
      <Filter>Header Files</Filter>
    </ClInclude>
    <ClInclude Include="ignore.hpp">
      <Filter>Header Files</Filter>
    </ClInclude>
    <ClInclude Include="logger.hpp">
      <Filter>Header Files</Filter>
    </ClInclude>
    <ClInclude Include="macros.hpp">
      <Filter>Header Files</Filter>
    </ClInclude>
    <ClInclude Include="message.hpp">
      <Filter>Header Files</Filter>
    </ClInclude>
    <ClInclude Include="message_strings.hpp">
      <Filter>Header Files</Filter>
    </ClInclude>
    <ClInclude Include="mode.hpp">
      <Filter>Header Files</Filter>
    </ClInclude>
    <ClInclude Include="model.hpp">
      <Filter>Header Files</Filter>
    </ClInclude>
    <ClInclude Include="notice_buffer.hpp">
      <Filter>Header Files</Filter>
    </ClInclude>
    <ClInclude Include="notify.hpp">
      <Filter>Header Files</Filter>
    </ClInclude>
    <ClInclude Include="notify_watcher.hpp">
      <Filter>Header Files</Filter>
    </ClInclude>
    <ClInclude Include="server.hpp">
      <Filter>Header Files</Filter>
    </ClInclude>
    <ClInclude Include="server_buffer.hpp">
      <Filter>Header Files</Filter>
    </ClInclude>
    <ClInclude Include="server_updater.hpp">
      <Filter>Header Files</Filter>
    </ClInclude>
    <ClInclude Include="timestamp.hpp">
      <Filter>Header Files</Filter>
    </ClInclude>
    <ClInclude Include="user.hpp">
      <Filter>Header Files</Filter>
    </ClInclude>
    <ClInclude Include="user_buffer.hpp">
      <Filter>Header Files</Filter>
    </ClInclude>
    <ClInclude Include="who.hpp">
      <Filter>Header Files</Filter>
    </ClInclude>
    <ClInclude Include="whois.hpp">
      <Filter>Header Files</Filter>
    </ClInclude>
    <ClInclude Include="auto_joins.hpp">
      <Filter>Header Files</Filter>
    </ClInclude>
  </ItemGroup>
</Project>